
Microsoft Visual Studio Solution File, Format Version 12.00
# Visual Studio Version 17
VisualStudioVersion = 17.5.33516.290
MinimumVisualStudioVersion = 10.0.40219.1
Project("{2150E333-8FDC-42A3-9474-1A3956D46DE8}") = "01 uzduotis", "01 uzduotis", "{2543CC7D-64B4-4D67-9866-C02E8F75855E}"
EndProject
Project("{FAE04EC0-301F-11D3-BF4B-00C04F79EFBC}") = "01 uzduotis", "01 uzduotis\01 uzduotis.csproj", "{65BE3E0A-7C75-4B44-8E12-2D31B8AA5094}"
EndProject
Project("{2150E333-8FDC-42A3-9474-1A3956D46DE8}") = "02 uzduotis", "02 uzduotis", "{7342AFAF-7A9E-42C7-A0EC-8F33E190718F}"
EndProject
Project("{FAE04EC0-301F-11D3-BF4B-00C04F79EFBC}") = "02 uzduotis", "02 uzduotis\02 uzduotis.csproj", "{C41FC115-A141-4041-A769-E25FB4077DEC}"
EndProject
Project("{2150E333-8FDC-42A3-9474-1A3956D46DE8}") = "uzduotis03", "uzduotis03", "{8101236D-4FA2-4F52-91B1-D280451137E1}"
EndProject
Project("{FAE04EC0-301F-11D3-BF4B-00C04F79EFBC}") = "uzduotis03", "uzduotis03\uzduotis03.csproj", "{FF5ED6B4-1FA3-4F97-B25A-930A33E2D17E}"
EndProject
Project("{FAE04EC0-301F-11D3-BF4B-00C04F79EFBC}") = "uzduoti04", "uzduoti04\uzduoti04.csproj", "{54AC4478-0B1B-4224-BA8C-957084BA7748}"
EndProject
Project("{FAE04EC0-301F-11D3-BF4B-00C04F79EFBC}") = "uzduotis05", "uzduotis05\uzduotis05.csproj", "{F74AA6D2-4E4F-456E-9807-79F1A176610B}"
EndProject
Project("{FAE04EC0-301F-11D3-BF4B-00C04F79EFBC}") = "uzduotis06", "uzduotis06\uzduotis06.csproj", "{98A7C37A-258D-4170-9BCA-A19AECAA4D14}"
EndProject
Project("{FAE04EC0-301F-11D3-BF4B-00C04F79EFBC}") = "uzduotis07", "uzduotis07\uzduotis07.csproj", "{8CCF3AEA-2209-4600-B3EB-C48CA429FA0A}"
EndProject
Project("{FAE04EC0-301F-11D3-BF4B-00C04F79EFBC}") = "uzduotis08", "uzduotis08\uzduotis08.csproj", "{7DE27F86-F089-4A8F-A86B-06B690A3A537}"
EndProject
Project("{FAE04EC0-301F-11D3-BF4B-00C04F79EFBC}") = "uzduotis09", "uzduotis09\uzduotis09.csproj", "{C9EDDD66-558E-4050-B875-4D6F3A1CCFE0}"
EndProject
Project("{FAE04EC0-301F-11D3-BF4B-00C04F79EFBC}") = "uzduotis10", "uzduotis10\uzduotis10.csproj", "{A1743948-F908-46A1-AEF7-41C78377424C}"
EndProject
Project("{FAE04EC0-301F-11D3-BF4B-00C04F79EFBC}") = "uzduotis11", "uzduotis11\uzduotis11.csproj", "{1B323981-9A85-4003-ABDB-8DCBA9F2C111}"
EndProject
Project("{FAE04EC0-301F-11D3-BF4B-00C04F79EFBC}") = "uzduotis12", "uzduotis12\uzduotis12.csproj", "{6263FD56-7871-4DCA-B8C1-28AC878038CD}"
EndProject
Project("{FAE04EC0-301F-11D3-BF4B-00C04F79EFBC}") = "uzduotis13", "uzduotis13\uzduotis13.csproj", "{E79FE368-185A-434C-B6E4-3F7CFE12F98C}"
EndProject
Project("{FAE04EC0-301F-11D3-BF4B-00C04F79EFBC}") = "uzduotis14", "uzduotis14\uzduotis14.csproj", "{5D4AD44F-7E3C-4D3E-B074-4CCF580E7D41}"
EndProject
Global
	GlobalSection(SolutionConfigurationPlatforms) = preSolution
		Debug|Any CPU = Debug|Any CPU
		Release|Any CPU = Release|Any CPU
	EndGlobalSection
	GlobalSection(ProjectConfigurationPlatforms) = postSolution
		{65BE3E0A-7C75-4B44-8E12-2D31B8AA5094}.Debug|Any CPU.ActiveCfg = Debug|Any CPU
		{65BE3E0A-7C75-4B44-8E12-2D31B8AA5094}.Debug|Any CPU.Build.0 = Debug|Any CPU
		{65BE3E0A-7C75-4B44-8E12-2D31B8AA5094}.Release|Any CPU.ActiveCfg = Release|Any CPU
		{65BE3E0A-7C75-4B44-8E12-2D31B8AA5094}.Release|Any CPU.Build.0 = Release|Any CPU
		{C41FC115-A141-4041-A769-E25FB4077DEC}.Debug|Any CPU.ActiveCfg = Debug|Any CPU
		{C41FC115-A141-4041-A769-E25FB4077DEC}.Debug|Any CPU.Build.0 = Debug|Any CPU
		{C41FC115-A141-4041-A769-E25FB4077DEC}.Release|Any CPU.ActiveCfg = Release|Any CPU
		{C41FC115-A141-4041-A769-E25FB4077DEC}.Release|Any CPU.Build.0 = Release|Any CPU
		{FF5ED6B4-1FA3-4F97-B25A-930A33E2D17E}.Debug|Any CPU.ActiveCfg = Debug|Any CPU
		{FF5ED6B4-1FA3-4F97-B25A-930A33E2D17E}.Debug|Any CPU.Build.0 = Debug|Any CPU
		{FF5ED6B4-1FA3-4F97-B25A-930A33E2D17E}.Release|Any CPU.ActiveCfg = Release|Any CPU
		{FF5ED6B4-1FA3-4F97-B25A-930A33E2D17E}.Release|Any CPU.Build.0 = Release|Any CPU
		{54AC4478-0B1B-4224-BA8C-957084BA7748}.Debug|Any CPU.ActiveCfg = Debug|Any CPU
		{54AC4478-0B1B-4224-BA8C-957084BA7748}.Debug|Any CPU.Build.0 = Debug|Any CPU
		{54AC4478-0B1B-4224-BA8C-957084BA7748}.Release|Any CPU.ActiveCfg = Release|Any CPU
		{54AC4478-0B1B-4224-BA8C-957084BA7748}.Release|Any CPU.Build.0 = Release|Any CPU
		{F74AA6D2-4E4F-456E-9807-79F1A176610B}.Debug|Any CPU.ActiveCfg = Debug|Any CPU
		{F74AA6D2-4E4F-456E-9807-79F1A176610B}.Debug|Any CPU.Build.0 = Debug|Any CPU
		{F74AA6D2-4E4F-456E-9807-79F1A176610B}.Release|Any CPU.ActiveCfg = Release|Any CPU
		{F74AA6D2-4E4F-456E-9807-79F1A176610B}.Release|Any CPU.Build.0 = Release|Any CPU
		{98A7C37A-258D-4170-9BCA-A19AECAA4D14}.Debug|Any CPU.ActiveCfg = Debug|Any CPU
		{98A7C37A-258D-4170-9BCA-A19AECAA4D14}.Debug|Any CPU.Build.0 = Debug|Any CPU
		{98A7C37A-258D-4170-9BCA-A19AECAA4D14}.Release|Any CPU.ActiveCfg = Release|Any CPU
		{98A7C37A-258D-4170-9BCA-A19AECAA4D14}.Release|Any CPU.Build.0 = Release|Any CPU
		{8CCF3AEA-2209-4600-B3EB-C48CA429FA0A}.Debug|Any CPU.ActiveCfg = Debug|Any CPU
		{8CCF3AEA-2209-4600-B3EB-C48CA429FA0A}.Debug|Any CPU.Build.0 = Debug|Any CPU
		{8CCF3AEA-2209-4600-B3EB-C48CA429FA0A}.Release|Any CPU.ActiveCfg = Release|Any CPU
		{8CCF3AEA-2209-4600-B3EB-C48CA429FA0A}.Release|Any CPU.Build.0 = Release|Any CPU
		{7DE27F86-F089-4A8F-A86B-06B690A3A537}.Debug|Any CPU.ActiveCfg = Debug|Any CPU
		{7DE27F86-F089-4A8F-A86B-06B690A3A537}.Debug|Any CPU.Build.0 = Debug|Any CPU
		{7DE27F86-F089-4A8F-A86B-06B690A3A537}.Release|Any CPU.ActiveCfg = Release|Any CPU
		{7DE27F86-F089-4A8F-A86B-06B690A3A537}.Release|Any CPU.Build.0 = Release|Any CPU
		{C9EDDD66-558E-4050-B875-4D6F3A1CCFE0}.Debug|Any CPU.ActiveCfg = Debug|Any CPU
		{C9EDDD66-558E-4050-B875-4D6F3A1CCFE0}.Debug|Any CPU.Build.0 = Debug|Any CPU
		{C9EDDD66-558E-4050-B875-4D6F3A1CCFE0}.Release|Any CPU.ActiveCfg = Release|Any CPU
		{C9EDDD66-558E-4050-B875-4D6F3A1CCFE0}.Release|Any CPU.Build.0 = Release|Any CPU
		{A1743948-F908-46A1-AEF7-41C78377424C}.Debug|Any CPU.ActiveCfg = Debug|Any CPU
		{A1743948-F908-46A1-AEF7-41C78377424C}.Debug|Any CPU.Build.0 = Debug|Any CPU
		{A1743948-F908-46A1-AEF7-41C78377424C}.Release|Any CPU.ActiveCfg = Release|Any CPU
		{A1743948-F908-46A1-AEF7-41C78377424C}.Release|Any CPU.Build.0 = Release|Any CPU
		{1B323981-9A85-4003-ABDB-8DCBA9F2C111}.Debug|Any CPU.ActiveCfg = Debug|Any CPU
		{1B323981-9A85-4003-ABDB-8DCBA9F2C111}.Debug|Any CPU.Build.0 = Debug|Any CPU
		{1B323981-9A85-4003-ABDB-8DCBA9F2C111}.Release|Any CPU.ActiveCfg = Release|Any CPU
		{1B323981-9A85-4003-ABDB-8DCBA9F2C111}.Release|Any CPU.Build.0 = Release|Any CPU
		{6263FD56-7871-4DCA-B8C1-28AC878038CD}.Debug|Any CPU.ActiveCfg = Debug|Any CPU
		{6263FD56-7871-4DCA-B8C1-28AC878038CD}.Debug|Any CPU.Build.0 = Debug|Any CPU
		{6263FD56-7871-4DCA-B8C1-28AC878038CD}.Release|Any CPU.ActiveCfg = Release|Any CPU
		{6263FD56-7871-4DCA-B8C1-28AC878038CD}.Release|Any CPU.Build.0 = Release|Any CPU
		{E79FE368-185A-434C-B6E4-3F7CFE12F98C}.Debug|Any CPU.ActiveCfg = Debug|Any CPU
		{E79FE368-185A-434C-B6E4-3F7CFE12F98C}.Debug|Any CPU.Build.0 = Debug|Any CPU
		{E79FE368-185A-434C-B6E4-3F7CFE12F98C}.Release|Any CPU.ActiveCfg = Release|Any CPU
		{E79FE368-185A-434C-B6E4-3F7CFE12F98C}.Release|Any CPU.Build.0 = Release|Any CPU
		{5D4AD44F-7E3C-4D3E-B074-4CCF580E7D41}.Debug|Any CPU.ActiveCfg = Debug|Any CPU
		{5D4AD44F-7E3C-4D3E-B074-4CCF580E7D41}.Debug|Any CPU.Build.0 = Debug|Any CPU
		{5D4AD44F-7E3C-4D3E-B074-4CCF580E7D41}.Release|Any CPU.ActiveCfg = Release|Any CPU
		{5D4AD44F-7E3C-4D3E-B074-4CCF580E7D41}.Release|Any CPU.Build.0 = Release|Any CPU
	EndGlobalSection
	GlobalSection(SolutionProperties) = preSolution
		HideSolutionNode = FALSE
	EndGlobalSection
	GlobalSection(NestedProjects) = preSolution
		{65BE3E0A-7C75-4B44-8E12-2D31B8AA5094} = {2543CC7D-64B4-4D67-9866-C02E8F75855E}
		{C41FC115-A141-4041-A769-E25FB4077DEC} = {7342AFAF-7A9E-42C7-A0EC-8F33E190718F}
		{FF5ED6B4-1FA3-4F97-B25A-930A33E2D17E} = {8101236D-4FA2-4F52-91B1-D280451137E1}
	EndGlobalSection
	GlobalSection(ExtensibilityGlobals) = postSolution
		SolutionGuid = {F97A4938-A8CF-4325-8BB5-9A60F600C425}
	EndGlobalSection
EndGlobal
